
Microsoft Visual Studio Solution File, Format Version 12.00
# Visual Studio 15
Project("{FAE04EC0-301F-11D3-BF4B-00C04F79EFBC}") = "UnityEngine.TestRunner", "UnityEngine.TestRunner.csproj", "{0F355665-9CD7-7582-4F93-B6BFC8949976}"
EndProject
Project("{FAE04EC0-301F-11D3-BF4B-00C04F79EFBC}") = "Unity.Mathematics", "Unity.Mathematics.csproj", "{A59EE6CD-EEA5-89B6-5B2D-10C9776B8652}"
EndProject
Project("{FAE04EC0-301F-11D3-BF4B-00C04F79EFBC}") = "Unity.VisualScripting.State", "Unity.VisualScripting.State.csproj", "{9EFBEE07-2E68-3B7B-6947-0AC6C8A617C6}"
EndProject
Project("{FAE04EC0-301F-11D3-BF4B-00C04F79EFBC}") = "Unity.VisualScripting.Core", "Unity.VisualScripting.Core.csproj", "{FE1B8A24-9F7D-7AB9-33C0-C46C7C917294}"
EndProject
Project("{FAE04EC0-301F-11D3-BF4B-00C04F79EFBC}") = "Unity.VisualScripting.Flow", "Unity.VisualScripting.Flow.csproj", "{6F9A416E-5CCC-9D9E-0A36-317AE3ADB229}"
EndProject
Project("{FAE04EC0-301F-11D3-BF4B-00C04F79EFBC}") = "Unity.2D.Animation.Runtime", "Unity.2D.Animation.Runtime.csproj", "{0EC6D5D7-98FB-FDB4-CE45-248DA176A812}"
EndProject
Project("{FAE04EC0-301F-11D3-BF4B-00C04F79EFBC}") = "Unity.TextMeshPro", "Unity.TextMeshPro.csproj", "{C8206379-00A1-1CE5-1429-1506A8E48EA3}"
EndProject
Project("{FAE04EC0-301F-11D3-BF4B-00C04F79EFBC}") = "Assembly-CSharp", "Assembly-CSharp.csproj", "{192A32FB-E6D9-C20A-232A-98FE8DDD97B2}"
EndProject
Project("{FAE04EC0-301F-11D3-BF4B-00C04F79EFBC}") = "Unity.Timeline", "Unity.Timeline.csproj", "{FB673FE0-B110-65B0-801C-2C2A6901CDB9}"
EndProject
Project("{FAE04EC0-301F-11D3-BF4B-00C04F79EFBC}") = "Unity.2D.SpriteShape.Runtime", "Unity.2D.SpriteShape.Runtime.csproj", "{FFC1391C-7502-9717-F6D2-CDF201C91A9C}"
EndProject
Project("{FAE04EC0-301F-11D3-BF4B-00C04F79EFBC}") = "Unity.2D.Animation.Triangle.Runtime", "Unity.2D.Animation.Triangle.Runtime.csproj", "{D83E75F5-556A-02CA-B443-F0A461D7A077}"
EndProject
Project("{FAE04EC0-301F-11D3-BF4B-00C04F79EFBC}") = "Unity.2D.PixelPerfect", "Unity.2D.PixelPerfect.csproj", "{377AF7DC-7CBE-0E84-FCCD-2323D45FC014}"
EndProject
Project("{FAE04EC0-301F-11D3-BF4B-00C04F79EFBC}") = "Unity.2D.IK.Runtime", "Unity.2D.IK.Runtime.csproj", "{DC10BEA9-7AA7-C060-5D77-289105AF5C04}"
EndProject
Project("{FAE04EC0-301F-11D3-BF4B-00C04F79EFBC}") = "Unity.2D.Tilemap.Extras", "Unity.2D.Tilemap.Extras.csproj", "{E201E13F-2671-67C2-95DD-C74340607D99}"
EndProject
Project("{FAE04EC0-301F-11D3-BF4B-00C04F79EFBC}") = "Unity.2D.Common.Runtime", "Unity.2D.Common.Runtime.csproj", "{A02C1408-D72B-FE4A-8893-CFE243DB0CCE}"
EndProject
Project("{FAE04EC0-301F-11D3-BF4B-00C04F79EFBC}") = "Unity.InternalAPIEngineBridge.001", "Unity.InternalAPIEngineBridge.001.csproj", "{0A3C8152-3514-1804-919D-3050E67EA383}"
EndProject
Project("{FAE04EC0-301F-11D3-BF4B-00C04F79EFBC}") = "Unity.PlasticSCM.Editor", "Unity.PlasticSCM.Editor.csproj", "{7EB95422-A53F-02CE-B22B-6346602E1FBC}"
EndProject
Project("{FAE04EC0-301F-11D3-BF4B-00C04F79EFBC}") = "Unity.VisualScripting.Core.Editor", "Unity.VisualScripting.Core.Editor.csproj", "{0DE8AA5C-6FAF-8D86-FB80-C48C96F88EC3}"
EndProject
Project("{FAE04EC0-301F-11D3-BF4B-00C04F79EFBC}") = "Unity.VisualStudio.Editor", "Unity.VisualStudio.Editor.csproj", "{E91360CF-56E6-B45C-AFD5-80B87EE112BD}"
EndProject
Project("{FAE04EC0-301F-11D3-BF4B-00C04F79EFBC}") = "Unity.Timeline.Editor", "Unity.Timeline.Editor.csproj", "{EC477E44-711E-6D37-164A-C5D348AC695A}"
EndProject
Project("{FAE04EC0-301F-11D3-BF4B-00C04F79EFBC}") = "Unity.VisualScripting.State.Editor", "Unity.VisualScripting.State.Editor.csproj", "{6BBD913E-1F95-0631-1F2F-1DFC8BADFE64}"
EndProject
Project("{FAE04EC0-301F-11D3-BF4B-00C04F79EFBC}") = "Unity.TextMeshPro.Editor", "Unity.TextMeshPro.Editor.csproj", "{B5977D0A-2AB4-3B38-0186-999A12B1F30B}"
EndProject
Project("{FAE04EC0-301F-11D3-BF4B-00C04F79EFBC}") = "Unity.2D.Animation.Editor", "Unity.2D.Animation.Editor.csproj", "{16190814-69ED-1974-D75C-52112BFE0364}"
EndProject
Project("{FAE04EC0-301F-11D3-BF4B-00C04F79EFBC}") = "VSSettingsProvider", "VSSettingsProvider.csproj", "{60793923-08DF-8666-4175-C073B91E63DE}"
EndProject
Project("{FAE04EC0-301F-11D3-BF4B-00C04F79EFBC}") = "Unity.CollabProxy.Editor", "Unity.CollabProxy.Editor.csproj", "{779E9689-D7F9-27CA-E438-40D520082D92}"
EndProject
Project("{FAE04EC0-301F-11D3-BF4B-00C04F79EFBC}") = "UnityEditor.TestRunner", "UnityEditor.TestRunner.csproj", "{C2B7975E-1785-D0DB-31BE-0DCBD2C19258}"
EndProject
Project("{FAE04EC0-301F-11D3-BF4B-00C04F79EFBC}") = "Unity.VisualScripting.Flow.Editor", "Unity.VisualScripting.Flow.Editor.csproj", "{DE103468-352F-6378-4253-4645EB278A13}"
EndProject
Project("{FAE04EC0-301F-11D3-BF4B-00C04F79EFBC}") = "Unity.Rider.Editor", "Unity.Rider.Editor.csproj", "{6DABC2CF-517B-F5DC-CD94-12E27A50BABF}"
EndProject
Project("{FAE04EC0-301F-11D3-BF4B-00C04F79EFBC}") = "Unity.2D.Path.Editor", "Unity.2D.Path.Editor.csproj", "{51B0983A-7B2E-9A5B-4A17-81DB03487271}"
EndProject
Project("{FAE04EC0-301F-11D3-BF4B-00C04F79EFBC}") = "PsdPlugin", "PsdPlugin.csproj", "{39D97F3C-44C3-B990-A417-DFD70CDA0D00}"
EndProject
Project("{FAE04EC0-301F-11D3-BF4B-00C04F79EFBC}") = "Unity.2D.IK.Editor", "Unity.2D.IK.Editor.csproj", "{D884513F-906E-54A0-5658-813E4EE2B1E5}"
EndProject
Project("{FAE04EC0-301F-11D3-BF4B-00C04F79EFBC}") = "Unity.Searcher.Editor", "Unity.Searcher.Editor.csproj", "{71A79036-2BD1-839F-8552-CB71EDDB5F38}"
EndProject
Project("{FAE04EC0-301F-11D3-BF4B-00C04F79EFBC}") = "Unity.2D.Psdimporter.Editor", "Unity.2D.Psdimporter.Editor.csproj", "{67A3DEB7-92AE-5E17-20EF-8BD5618D9A37}"
EndProject
Project("{FAE04EC0-301F-11D3-BF4B-00C04F79EFBC}") = "Unity.2D.SpriteShape.Editor", "Unity.2D.SpriteShape.Editor.csproj", "{C9006DC1-0AE1-5744-920D-F3878A08C366}"
EndProject
Project("{FAE04EC0-301F-11D3-BF4B-00C04F79EFBC}") = "Unity.2D.PixelPerfect.Editor", "Unity.2D.PixelPerfect.Editor.csproj", "{9E31A680-5CD2-00B6-C73F-D59A60C0F760}"
EndProject
Project("{FAE04EC0-301F-11D3-BF4B-00C04F79EFBC}") = "Unity.VSCode.Editor", "Unity.VSCode.Editor.csproj", "{E5C37E45-5C60-5C45-343E-94BD4D718830}"
EndProject
Project("{FAE04EC0-301F-11D3-BF4B-00C04F79EFBC}") = "Unity.Mathematics.Editor", "Unity.Mathematics.Editor.csproj", "{8457A4F4-96B0-6AEE-739F-B8AB7F1C181F}"
EndProject
Project("{FAE04EC0-301F-11D3-BF4B-00C04F79EFBC}") = "Unity.2D.Common.Editor", "Unity.2D.Common.Editor.csproj", "{C466A1AB-51C4-94E1-B38B-D52E19650618}"
EndProject
Project("{FAE04EC0-301F-11D3-BF4B-00C04F79EFBC}") = "Unity.2D.Tilemap.Extras.Editor", "Unity.2D.Tilemap.Extras.Editor.csproj", "{C8BAB31D-5789-E543-DF19-CB9211EA7C4D}"
EndProject
Project("{FAE04EC0-301F-11D3-BF4B-00C04F79EFBC}") = "Unity.InternalAPIEditorBridge.001", "Unity.InternalAPIEditorBridge.001.csproj", "{CFC2B520-D61E-A812-7B8F-B8D91559B643}"
EndProject
Global
	GlobalSection(SolutionConfigurationPlatforms) = preSolution
		Debug|Any CPU = Debug|Any CPU
		Release|Any CPU = Release|Any CPU
	EndGlobalSection
	GlobalSection(ProjectConfigurationPlatforms) = postSolution
		{0F355665-9CD7-7582-4F93-B6BFC8949976}.Debug|Any CPU.ActiveCfg = Debug|Any CPU
		{0F355665-9CD7-7582-4F93-B6BFC8949976}.Debug|Any CPU.Build.0 = Debug|Any CPU
		{0F355665-9CD7-7582-4F93-B6BFC8949976}.Release|Any CPU.ActiveCfg = Release|Any CPU
		{0F355665-9CD7-7582-4F93-B6BFC8949976}.Release|Any CPU.Build.0 = Release|Any CPU
		{A59EE6CD-EEA5-89B6-5B2D-10C9776B8652}.Debug|Any CPU.ActiveCfg = Debug|Any CPU
		{A59EE6CD-EEA5-89B6-5B2D-10C9776B8652}.Debug|Any CPU.Build.0 = Debug|Any CPU
		{A59EE6CD-EEA5-89B6-5B2D-10C9776B8652}.Release|Any CPU.ActiveCfg = Release|Any CPU
		{A59EE6CD-EEA5-89B6-5B2D-10C9776B8652}.Release|Any CPU.Build.0 = Release|Any CPU
		{9EFBEE07-2E68-3B7B-6947-0AC6C8A617C6}.Debug|Any CPU.ActiveCfg = Debug|Any CPU
		{9EFBEE07-2E68-3B7B-6947-0AC6C8A617C6}.Debug|Any CPU.Build.0 = Debug|Any CPU
		{9EFBEE07-2E68-3B7B-6947-0AC6C8A617C6}.Release|Any CPU.ActiveCfg = Release|Any CPU
		{9EFBEE07-2E68-3B7B-6947-0AC6C8A617C6}.Release|Any CPU.Build.0 = Release|Any CPU
		{FE1B8A24-9F7D-7AB9-33C0-C46C7C917294}.Debug|Any CPU.ActiveCfg = Debug|Any CPU
		{FE1B8A24-9F7D-7AB9-33C0-C46C7C917294}.Debug|Any CPU.Build.0 = Debug|Any CPU
		{FE1B8A24-9F7D-7AB9-33C0-C46C7C917294}.Release|Any CPU.ActiveCfg = Release|Any CPU
		{FE1B8A24-9F7D-7AB9-33C0-C46C7C917294}.Release|Any CPU.Build.0 = Release|Any CPU
		{6F9A416E-5CCC-9D9E-0A36-317AE3ADB229}.Debug|Any CPU.ActiveCfg = Debug|Any CPU
		{6F9A416E-5CCC-9D9E-0A36-317AE3ADB229}.Debug|Any CPU.Build.0 = Debug|Any CPU
		{6F9A416E-5CCC-9D9E-0A36-317AE3ADB229}.Release|Any CPU.ActiveCfg = Release|Any CPU
		{6F9A416E-5CCC-9D9E-0A36-317AE3ADB229}.Release|Any CPU.Build.0 = Release|Any CPU
		{0EC6D5D7-98FB-FDB4-CE45-248DA176A812}.Debug|Any CPU.ActiveCfg = Debug|Any CPU
		{0EC6D5D7-98FB-FDB4-CE45-248DA176A812}.Debug|Any CPU.Build.0 = Debug|Any CPU
		{0EC6D5D7-98FB-FDB4-CE45-248DA176A812}.Release|Any CPU.ActiveCfg = Release|Any CPU
		{0EC6D5D7-98FB-FDB4-CE45-248DA176A812}.Release|Any CPU.Build.0 = Release|Any CPU
		{C8206379-00A1-1CE5-1429-1506A8E48EA3}.Debug|Any CPU.ActiveCfg = Debug|Any CPU
		{C8206379-00A1-1CE5-1429-1506A8E48EA3}.Debug|Any CPU.Build.0 = Debug|Any CPU
		{C8206379-00A1-1CE5-1429-1506A8E48EA3}.Release|Any CPU.ActiveCfg = Release|Any CPU
		{C8206379-00A1-1CE5-1429-1506A8E48EA3}.Release|Any CPU.Build.0 = Release|Any CPU
		{192A32FB-E6D9-C20A-232A-98FE8DDD97B2}.Debug|Any CPU.ActiveCfg = Debug|Any CPU
		{192A32FB-E6D9-C20A-232A-98FE8DDD97B2}.Debug|Any CPU.Build.0 = Debug|Any CPU
		{192A32FB-E6D9-C20A-232A-98FE8DDD97B2}.Release|Any CPU.ActiveCfg = Release|Any CPU
		{192A32FB-E6D9-C20A-232A-98FE8DDD97B2}.Release|Any CPU.Build.0 = Release|Any CPU
		{FB673FE0-B110-65B0-801C-2C2A6901CDB9}.Debug|Any CPU.ActiveCfg = Debug|Any CPU
		{FB673FE0-B110-65B0-801C-2C2A6901CDB9}.Debug|Any CPU.Build.0 = Debug|Any CPU
		{FB673FE0-B110-65B0-801C-2C2A6901CDB9}.Release|Any CPU.ActiveCfg = Release|Any CPU
		{FB673FE0-B110-65B0-801C-2C2A6901CDB9}.Release|Any CPU.Build.0 = Release|Any CPU
		{FFC1391C-7502-9717-F6D2-CDF201C91A9C}.Debug|Any CPU.ActiveCfg = Debug|Any CPU
		{FFC1391C-7502-9717-F6D2-CDF201C91A9C}.Debug|Any CPU.Build.0 = Debug|Any CPU
		{FFC1391C-7502-9717-F6D2-CDF201C91A9C}.Release|Any CPU.ActiveCfg = Release|Any CPU
		{FFC1391C-7502-9717-F6D2-CDF201C91A9C}.Release|Any CPU.Build.0 = Release|Any CPU
		{D83E75F5-556A-02CA-B443-F0A461D7A077}.Debug|Any CPU.ActiveCfg = Debug|Any CPU
		{D83E75F5-556A-02CA-B443-F0A461D7A077}.Debug|Any CPU.Build.0 = Debug|Any CPU
		{D83E75F5-556A-02CA-B443-F0A461D7A077}.Release|Any CPU.ActiveCfg = Release|Any CPU
		{D83E75F5-556A-02CA-B443-F0A461D7A077}.Release|Any CPU.Build.0 = Release|Any CPU
		{377AF7DC-7CBE-0E84-FCCD-2323D45FC014}.Debug|Any CPU.ActiveCfg = Debug|Any CPU
		{377AF7DC-7CBE-0E84-FCCD-2323D45FC014}.Debug|Any CPU.Build.0 = Debug|Any CPU
		{377AF7DC-7CBE-0E84-FCCD-2323D45FC014}.Release|Any CPU.ActiveCfg = Release|Any CPU
		{377AF7DC-7CBE-0E84-FCCD-2323D45FC014}.Release|Any CPU.Build.0 = Release|Any CPU
		{DC10BEA9-7AA7-C060-5D77-289105AF5C04}.Debug|Any CPU.ActiveCfg = Debug|Any CPU
		{DC10BEA9-7AA7-C060-5D77-289105AF5C04}.Debug|Any CPU.Build.0 = Debug|Any CPU
		{DC10BEA9-7AA7-C060-5D77-289105AF5C04}.Release|Any CPU.ActiveCfg = Release|Any CPU
		{DC10BEA9-7AA7-C060-5D77-289105AF5C04}.Release|Any CPU.Build.0 = Release|Any CPU
		{E201E13F-2671-67C2-95DD-C74340607D99}.Debug|Any CPU.ActiveCfg = Debug|Any CPU
		{E201E13F-2671-67C2-95DD-C74340607D99}.Debug|Any CPU.Build.0 = Debug|Any CPU
		{E201E13F-2671-67C2-95DD-C74340607D99}.Release|Any CPU.ActiveCfg = Release|Any CPU
		{E201E13F-2671-67C2-95DD-C74340607D99}.Release|Any CPU.Build.0 = Release|Any CPU
		{A02C1408-D72B-FE4A-8893-CFE243DB0CCE}.Debug|Any CPU.ActiveCfg = Debug|Any CPU
		{A02C1408-D72B-FE4A-8893-CFE243DB0CCE}.Debug|Any CPU.Build.0 = Debug|Any CPU
		{A02C1408-D72B-FE4A-8893-CFE243DB0CCE}.Release|Any CPU.ActiveCfg = Release|Any CPU
		{A02C1408-D72B-FE4A-8893-CFE243DB0CCE}.Release|Any CPU.Build.0 = Release|Any CPU
		{0A3C8152-3514-1804-919D-3050E67EA383}.Debug|Any CPU.ActiveCfg = Debug|Any CPU
		{0A3C8152-3514-1804-919D-3050E67EA383}.Debug|Any CPU.Build.0 = Debug|Any CPU
		{0A3C8152-3514-1804-919D-3050E67EA383}.Release|Any CPU.ActiveCfg = Release|Any CPU
		{0A3C8152-3514-1804-919D-3050E67EA383}.Release|Any CPU.Build.0 = Release|Any CPU
		{7EB95422-A53F-02CE-B22B-6346602E1FBC}.Debug|Any CPU.ActiveCfg = Debug|Any CPU
		{7EB95422-A53F-02CE-B22B-6346602E1FBC}.Debug|Any CPU.Build.0 = Debug|Any CPU
		{7EB95422-A53F-02CE-B22B-6346602E1FBC}.Release|Any CPU.ActiveCfg = Release|Any CPU
		{7EB95422-A53F-02CE-B22B-6346602E1FBC}.Release|Any CPU.Build.0 = Release|Any CPU
		{0DE8AA5C-6FAF-8D86-FB80-C48C96F88EC3}.Debug|Any CPU.ActiveCfg = Debug|Any CPU
		{0DE8AA5C-6FAF-8D86-FB80-C48C96F88EC3}.Debug|Any CPU.Build.0 = Debug|Any CPU
		{0DE8AA5C-6FAF-8D86-FB80-C48C96F88EC3}.Release|Any CPU.ActiveCfg = Release|Any CPU
		{0DE8AA5C-6FAF-8D86-FB80-C48C96F88EC3}.Release|Any CPU.Build.0 = Release|Any CPU
		{E91360CF-56E6-B45C-AFD5-80B87EE112BD}.Debug|Any CPU.ActiveCfg = Debug|Any CPU
		{E91360CF-56E6-B45C-AFD5-80B87EE112BD}.Debug|Any CPU.Build.0 = Debug|Any CPU
		{E91360CF-56E6-B45C-AFD5-80B87EE112BD}.Release|Any CPU.ActiveCfg = Release|Any CPU
		{E91360CF-56E6-B45C-AFD5-80B87EE112BD}.Release|Any CPU.Build.0 = Release|Any CPU
		{EC477E44-711E-6D37-164A-C5D348AC695A}.Debug|Any CPU.ActiveCfg = Debug|Any CPU
		{EC477E44-711E-6D37-164A-C5D348AC695A}.Debug|Any CPU.Build.0 = Debug|Any CPU
		{EC477E44-711E-6D37-164A-C5D348AC695A}.Release|Any CPU.ActiveCfg = Release|Any CPU
		{EC477E44-711E-6D37-164A-C5D348AC695A}.Release|Any CPU.Build.0 = Release|Any CPU
		{6BBD913E-1F95-0631-1F2F-1DFC8BADFE64}.Debug|Any CPU.ActiveCfg = Debug|Any CPU
		{6BBD913E-1F95-0631-1F2F-1DFC8BADFE64}.Debug|Any CPU.Build.0 = Debug|Any CPU
		{6BBD913E-1F95-0631-1F2F-1DFC8BADFE64}.Release|Any CPU.ActiveCfg = Release|Any CPU
		{6BBD913E-1F95-0631-1F2F-1DFC8BADFE64}.Release|Any CPU.Build.0 = Release|Any CPU
		{B5977D0A-2AB4-3B38-0186-999A12B1F30B}.Debug|Any CPU.ActiveCfg = Debug|Any CPU
		{B5977D0A-2AB4-3B38-0186-999A12B1F30B}.Debug|Any CPU.Build.0 = Debug|Any CPU
		{B5977D0A-2AB4-3B38-0186-999A12B1F30B}.Release|Any CPU.ActiveCfg = Release|Any CPU
		{B5977D0A-2AB4-3B38-0186-999A12B1F30B}.Release|Any CPU.Build.0 = Release|Any CPU
		{16190814-69ED-1974-D75C-52112BFE0364}.Debug|Any CPU.ActiveCfg = Debug|Any CPU
		{16190814-69ED-1974-D75C-52112BFE0364}.Debug|Any CPU.Build.0 = Debug|Any CPU
		{16190814-69ED-1974-D75C-52112BFE0364}.Release|Any CPU.ActiveCfg = Release|Any CPU
		{16190814-69ED-1974-D75C-52112BFE0364}.Release|Any CPU.Build.0 = Release|Any CPU
		{60793923-08DF-8666-4175-C073B91E63DE}.Debug|Any CPU.ActiveCfg = Debug|Any CPU
		{60793923-08DF-8666-4175-C073B91E63DE}.Debug|Any CPU.Build.0 = Debug|Any CPU
		{60793923-08DF-8666-4175-C073B91E63DE}.Release|Any CPU.ActiveCfg = Release|Any CPU
		{60793923-08DF-8666-4175-C073B91E63DE}.Release|Any CPU.Build.0 = Release|Any CPU
		{779E9689-D7F9-27CA-E438-40D520082D92}.Debug|Any CPU.ActiveCfg = Debug|Any CPU
		{779E9689-D7F9-27CA-E438-40D520082D92}.Debug|Any CPU.Build.0 = Debug|Any CPU
		{779E9689-D7F9-27CA-E438-40D520082D92}.Release|Any CPU.ActiveCfg = Release|Any CPU
		{779E9689-D7F9-27CA-E438-40D520082D92}.Release|Any CPU.Build.0 = Release|Any CPU
		{C2B7975E-1785-D0DB-31BE-0DCBD2C19258}.Debug|Any CPU.ActiveCfg = Debug|Any CPU
		{C2B7975E-1785-D0DB-31BE-0DCBD2C19258}.Debug|Any CPU.Build.0 = Debug|Any CPU
		{C2B7975E-1785-D0DB-31BE-0DCBD2C19258}.Release|Any CPU.ActiveCfg = Release|Any CPU
		{C2B7975E-1785-D0DB-31BE-0DCBD2C19258}.Release|Any CPU.Build.0 = Release|Any CPU
		{DE103468-352F-6378-4253-4645EB278A13}.Debug|Any CPU.ActiveCfg = Debug|Any CPU
		{DE103468-352F-6378-4253-4645EB278A13}.Debug|Any CPU.Build.0 = Debug|Any CPU
		{DE103468-352F-6378-4253-4645EB278A13}.Release|Any CPU.ActiveCfg = Release|Any CPU
		{DE103468-352F-6378-4253-4645EB278A13}.Release|Any CPU.Build.0 = Release|Any CPU
		{6DABC2CF-517B-F5DC-CD94-12E27A50BABF}.Debug|Any CPU.ActiveCfg = Debug|Any CPU
		{6DABC2CF-517B-F5DC-CD94-12E27A50BABF}.Debug|Any CPU.Build.0 = Debug|Any CPU
		{6DABC2CF-517B-F5DC-CD94-12E27A50BABF}.Release|Any CPU.ActiveCfg = Release|Any CPU
		{6DABC2CF-517B-F5DC-CD94-12E27A50BABF}.Release|Any CPU.Build.0 = Release|Any CPU
		{51B0983A-7B2E-9A5B-4A17-81DB03487271}.Debug|Any CPU.ActiveCfg = Debug|Any CPU
		{51B0983A-7B2E-9A5B-4A17-81DB03487271}.Debug|Any CPU.Build.0 = Debug|Any CPU
		{51B0983A-7B2E-9A5B-4A17-81DB03487271}.Release|Any CPU.ActiveCfg = Release|Any CPU
		{51B0983A-7B2E-9A5B-4A17-81DB03487271}.Release|Any CPU.Build.0 = Release|Any CPU
		{39D97F3C-44C3-B990-A417-DFD70CDA0D00}.Debug|Any CPU.ActiveCfg = Debug|Any CPU
		{39D97F3C-44C3-B990-A417-DFD70CDA0D00}.Debug|Any CPU.Build.0 = Debug|Any CPU
		{39D97F3C-44C3-B990-A417-DFD70CDA0D00}.Release|Any CPU.ActiveCfg = Release|Any CPU
		{39D97F3C-44C3-B990-A417-DFD70CDA0D00}.Release|Any CPU.Build.0 = Release|Any CPU
		{D884513F-906E-54A0-5658-813E4EE2B1E5}.Debug|Any CPU.ActiveCfg = Debug|Any CPU
		{D884513F-906E-54A0-5658-813E4EE2B1E5}.Debug|Any CPU.Build.0 = Debug|Any CPU
		{D884513F-906E-54A0-5658-813E4EE2B1E5}.Release|Any CPU.ActiveCfg = Release|Any CPU
		{D884513F-906E-54A0-5658-813E4EE2B1E5}.Release|Any CPU.Build.0 = Release|Any CPU
		{71A79036-2BD1-839F-8552-CB71EDDB5F38}.Debug|Any CPU.ActiveCfg = Debug|Any CPU
		{71A79036-2BD1-839F-8552-CB71EDDB5F38}.Debug|Any CPU.Build.0 = Debug|Any CPU
		{71A79036-2BD1-839F-8552-CB71EDDB5F38}.Release|Any CPU.ActiveCfg = Release|Any CPU
		{71A79036-2BD1-839F-8552-CB71EDDB5F38}.Release|Any CPU.Build.0 = Release|Any CPU
		{67A3DEB7-92AE-5E17-20EF-8BD5618D9A37}.Debug|Any CPU.ActiveCfg = Debug|Any CPU
		{67A3DEB7-92AE-5E17-20EF-8BD5618D9A37}.Debug|Any CPU.Build.0 = Debug|Any CPU
		{67A3DEB7-92AE-5E17-20EF-8BD5618D9A37}.Release|Any CPU.ActiveCfg = Release|Any CPU
		{67A3DEB7-92AE-5E17-20EF-8BD5618D9A37}.Release|Any CPU.Build.0 = Release|Any CPU
		{C9006DC1-0AE1-5744-920D-F3878A08C366}.Debug|Any CPU.ActiveCfg = Debug|Any CPU
		{C9006DC1-0AE1-5744-920D-F3878A08C366}.Debug|Any CPU.Build.0 = Debug|Any CPU
		{C9006DC1-0AE1-5744-920D-F3878A08C366}.Release|Any CPU.ActiveCfg = Release|Any CPU
		{C9006DC1-0AE1-5744-920D-F3878A08C366}.Release|Any CPU.Build.0 = Release|Any CPU
		{9E31A680-5CD2-00B6-C73F-D59A60C0F760}.Debug|Any CPU.ActiveCfg = Debug|Any CPU
		{9E31A680-5CD2-00B6-C73F-D59A60C0F760}.Debug|Any CPU.Build.0 = Debug|Any CPU
		{9E31A680-5CD2-00B6-C73F-D59A60C0F760}.Release|Any CPU.ActiveCfg = Release|Any CPU
		{9E31A680-5CD2-00B6-C73F-D59A60C0F760}.Release|Any CPU.Build.0 = Release|Any CPU
		{E5C37E45-5C60-5C45-343E-94BD4D718830}.Debug|Any CPU.ActiveCfg = Debug|Any CPU
		{E5C37E45-5C60-5C45-343E-94BD4D718830}.Debug|Any CPU.Build.0 = Debug|Any CPU
		{E5C37E45-5C60-5C45-343E-94BD4D718830}.Release|Any CPU.ActiveCfg = Release|Any CPU
		{E5C37E45-5C60-5C45-343E-94BD4D718830}.Release|Any CPU.Build.0 = Release|Any CPU
		{8457A4F4-96B0-6AEE-739F-B8AB7F1C181F}.Debug|Any CPU.ActiveCfg = Debug|Any CPU
		{8457A4F4-96B0-6AEE-739F-B8AB7F1C181F}.Debug|Any CPU.Build.0 = Debug|Any CPU
		{8457A4F4-96B0-6AEE-739F-B8AB7F1C181F}.Release|Any CPU.ActiveCfg = Release|Any CPU
		{8457A4F4-96B0-6AEE-739F-B8AB7F1C181F}.Release|Any CPU.Build.0 = Release|Any CPU
		{C466A1AB-51C4-94E1-B38B-D52E19650618}.Debug|Any CPU.ActiveCfg = Debug|Any CPU
		{C466A1AB-51C4-94E1-B38B-D52E19650618}.Debug|Any CPU.Build.0 = Debug|Any CPU
		{C466A1AB-51C4-94E1-B38B-D52E19650618}.Release|Any CPU.ActiveCfg = Release|Any CPU
		{C466A1AB-51C4-94E1-B38B-D52E19650618}.Release|Any CPU.Build.0 = Release|Any CPU
		{C8BAB31D-5789-E543-DF19-CB9211EA7C4D}.Debug|Any CPU.ActiveCfg = Debug|Any CPU
		{C8BAB31D-5789-E543-DF19-CB9211EA7C4D}.Debug|Any CPU.Build.0 = Debug|Any CPU
		{C8BAB31D-5789-E543-DF19-CB9211EA7C4D}.Release|Any CPU.ActiveCfg = Release|Any CPU
		{C8BAB31D-5789-E543-DF19-CB9211EA7C4D}.Release|Any CPU.Build.0 = Release|Any CPU
		{CFC2B520-D61E-A812-7B8F-B8D91559B643}.Debug|Any CPU.ActiveCfg = Debug|Any CPU
		{CFC2B520-D61E-A812-7B8F-B8D91559B643}.Debug|Any CPU.Build.0 = Debug|Any CPU
		{CFC2B520-D61E-A812-7B8F-B8D91559B643}.Release|Any CPU.ActiveCfg = Release|Any CPU
		{CFC2B520-D61E-A812-7B8F-B8D91559B643}.Release|Any CPU.Build.0 = Release|Any CPU
	EndGlobalSection
	GlobalSection(SolutionProperties) = preSolution
		HideSolutionNode = FALSE
	EndGlobalSection
EndGlobal
